
Microsoft Visual Studio Solution File, Format Version 12.00
# Visual Studio Version 17
VisualStudioVersion = 17.5.33627.172
MinimumVisualStudioVersion = 10.0.40219.1
Project("{9A19103F-16F7-4668-BE54-9A1E7A4F7556}") = "GlobalAzure", "src\GlobalAzure\GlobalAzure.csproj", "{018A532B-2473-4A6D-8030-743E624585CE}"
EndProject
Project("{2150E333-8FDC-42A3-9474-1A3956D46DE8}") = "Solution Items", "Solution Items", "{17423317-C0A0-4398-B12E-34F8C48B3BCC}"
	ProjectSection(SolutionItems) = preProject
		.editorconfig = .editorconfig
	EndProjectSection
EndProject
Global
	GlobalSection(SolutionConfigurationPlatforms) = preSolution
		Debug|Any CPU = Debug|Any CPU
		Release|Any CPU = Release|Any CPU
	EndGlobalSection
	GlobalSection(ProjectConfigurationPlatforms) = postSolution
		{018A532B-2473-4A6D-8030-743E624585CE}.Debug|Any CPU.ActiveCfg = Debug|Any CPU
		{018A532B-2473-4A6D-8030-743E624585CE}.Debug|Any CPU.Build.0 = Debug|Any CPU
		{018A532B-2473-4A6D-8030-743E624585CE}.Release|Any CPU.ActiveCfg = Release|Any CPU
		{018A532B-2473-4A6D-8030-743E624585CE}.Release|Any CPU.Build.0 = Release|Any CPU
	EndGlobalSection
	GlobalSection(SolutionProperties) = preSolution
		HideSolutionNode = FALSE
	EndGlobalSection
	GlobalSection(ExtensibilityGlobals) = postSolution
		SolutionGuid = {EC632313-B491-43A2-AC34-5550C9F88F84}
	EndGlobalSection
EndGlobal
